version = 1
revision = 3
requires-python = ">=3.13"

[[package]]
name = "anyio"
version = "4.14.2"
source = { registry = "https://pypi.org/simple" }
dependencies = [
    { name = "idna" },
]
sdist = { url = "https://files.pythonhosted.org/packages/61/cc/a381afa6efea9f496eff839d4a6a1aed3bfafc7b3ab4b0d1b243a12573dd/anyio-4.14.2.tar.gz", hash = "sha256:cfa139f3ed1a23ee8f88a145ddb5ac7605b8bbfd8592baacd7ce3d8bb4313c7f", size = 260176, upload-time = "2026-07-12T20:29:07.082Z" }
wheels = [
    { url = "https://files.pythonhosted.org/packages/da/35/f2287558c17e29fafc8ef3daf819bb9834061cfa43bff8014f7df7f63bdc/anyio-4.14.2-py3-none-any.whl", hash = "sha256:9f505dda5ac9f0c8309b5e8bd445a8c2bf7246f3ce950121e45ea15bc41d1494", size = 125813, upload-time = "2026-07-12T20:29:05.763Z" },
]

[[package]]
name = "attrs"
version = "26.1.0"
source = { registry = "https://pypi.org/simple" }
sdist = { url = "https://files.pythonhosted.org/packages/9a/8e/82a0fe20a541c03148528be8cac2408564a6c9a0cc7e9171802bc1d26985/attrs-26.1.0.tar.gz", hash = "sha256:d03ceb89cb322a8fd706d4fb91940737b6642aa36998fe130a9bc96c985eff32", size = 952055, upload-time = "2026-03-19T14:22:25.026Z" }
wheels = [
    { url = "https://files.pythonhosted.org/packages/64/b4/17d4b0b2a2dc85a6df63d1157e028ed19f90d4cd97c36717afef2bc2f395/attrs-26.1.0-py3-none-any.whl", hash = "sha256:c647aa4a12dfbad9333ca4e71fe62ddc36f4e63b2d260a37a8b83d2f043ac309", size = 67548, upload-time = "2026-03-19T14:22:23.645Z" },
]

[[package]]
name = "bracex"
version = "3.0.1"
source = { registry = "https://pypi.org/simple" }
sdist = { url = "https://files.pythonhosted.org/packages/ac/01/5f394b8bcd6e5b92f73130990960423bbb19711f906bd9fe9ea5557c667c/bracex-3.0.1.tar.gz", hash = "sha256:4e38e32392e4a4780fe15d644bfc7c8514057cfc3861e060b11814ce829c25e4", size = 44019, upload-time = "2026-07-20T13:43:00.335Z" }
wheels = [
    { url = "https://files.pythonhosted.org/packages/b8/8f/6f7273a7adb8d73fc8d21ede4376a3e475e52f98435c6007f69100dec8ca/bracex-3.0.1-py3-none-any.whl", hash = "sha256:6523ad83aeb5098a4ee597cff0f964442ff74e460bd3fafaffab6a013ff2288c", size = 11940, upload-time = "2026-07-20T13:42:59.268Z" },
]

[[package]]
name = "certifi"
version = "2026.7.22"
source = { registry = "https://pypi.org/simple" }
sdist = { url = "https://files.pythonhosted.org/packages/a3/c2/24167ea9858356b47a87a50d39908bfdb72ceeefe0041586e704e5376b3a/certifi-2026.7.22.tar.gz", hash = "sha256:741e2c3b351ddf169a738da9f2c048608ff7f2c5cc02f1ebc6b118bb090d5d55", size = 138112, upload-time = "2026-07-22T03:35:12.644Z" }
wheels = [
    { url = "https://files.pythonhosted.org/packages/0b/a7/71ac2cff56fec219ed242bb11b8efb69fcc4bec75db06fb7bfe35de520e6/certifi-2026.7.22-py3-none-any.whl", hash = "sha256:62f22742b58a1a33014a2b6b706588a8d7e2a88ae7bd1a6ebe8c992928483775", size = 136983, upload-time = "2026-07-22T03:35:11.276Z" },
]

[[package]]
name = "connectrpc"
version = "0.11.1"
source = { registry = "https://pypi.org/simple" }
dependencies = [
    { name = "protobuf-py" },
    { name = "pyqwest" },
]
sdist = { url = "https://files.pythonhosted.org/packages/8b/b5/63e14ab9d4d4cc58818562db4120a35fa7454e3035633da41bdc6b712abd/connectrpc-0.11.1.tar.gz", hash = "sha256:18277f7838847b4271ca38d40c7d2387b5a2ea6a29f240689c19e1ec84aaff66", size = 46222, upload-time = "2026-07-15T06:33:31.601Z" }
wheels = [
    { url = "https://files.pythonhosted.org/packages/5c/ac/aa647675812cd075f2cb9acb00d62f4f2cbcbc6736049a62342b7371ce5b/connectrpc-0.11.1-py3-none-any.whl", hash = "sha256:8a52e2e92a485fa9681c1101a79a5ebeb31807e3ea3d5aabd41f484a6398bc7b", size = 64991, upload-time = "2026-07-15T06:33:29.396Z" },
]

[[package]]
name = "dockerfile-parse"
version = "2.0.1"
source = { registry = "https://pypi.org/simple" }
sdist = { url = "https://files.pythonhosted.org/packages/92/df/929ee0b5d2c8bd8d713c45e71b94ab57c7e11e322130724d54f469b2cd48/dockerfile-parse-2.0.1.tar.gz", hash = "sha256:3184ccdc513221983e503ac00e1aa504a2aa8f84e5de673c46b0b6eee99ec7bc", size = 24556, upload-time = "2023-07-18T13:36:07.897Z" }
wheels = [
    { url = "https://files.pythonhosted.org/packages/7a/6c/79cd5bc1b880d8c1a9a5550aa8dacd57353fa3bb2457227e1fb47383eb49/dockerfile_parse-2.0.1-py2.py3-none-any.whl", hash = "sha256:bdffd126d2eb26acf1066acb54cb2e336682e1d72b974a40894fac76a4df17f6", size = 14845, upload-time = "2023-07-18T13:36:06.052Z" },
]

[[package]]
name = "e2b"
version = "2.35.0"
source = { registry = "https://pypi.org/simple" }
dependencies = [
    { name = "attrs" },
    { name = "connectrpc" },
    { name = "dockerfile-parse" },
    { name = "h2" },
    { name = "httpx" },
    { name = "packaging" },
    { name = "protobuf-py" },
    { name = "pyqwest" },
    { name = "python-dateutil" },
    { name = "rich" },
    { name = "typing-extensions" },
    { name = "wcmatch" },
]
sdist = { url = "https://files.pythonhosted.org/packages/9b/9d/178eae432a8e238a9f48d6706b03e88af64c67934b2885f495346d65e0d6/e2b-2.35.0.tar.gz", hash = "sha256:c72c7c9905b7c8b7733e35fd2ccae0071cecaf160339bf77389cacbf60a967a5", size = 199705, upload-time = "2026-07-24T14:45:41.995Z" }
wheels = [
    { url = "https://files.pythonhosted.org/packages/72/6a/f3c890a627681fa7951a52c578a364aa48be1b623f12982b29fc5485e063/e2b-2.35.0-py3-none-any.whl", hash = "sha256:f8fe8bc9415f0237c6dd4d11cba32741174f3610fad32f0087c6e0052deb7275", size = 358641, upload-time = "2026-07-24T14:45:43.483Z" },
]

[[package]]
name = "edith-sandbox-python"
version = "0.1.0"
source = { virtual = "." }
dependencies = [
    { name = "e2b" },
    { name = "python-dotenv" },
]

[package.metadata]
requires-dist = [
    { name = "e2b", specifier = ">=2.35.0" },
    { name = "python-dotenv", specifier = ">=1.2.1" },
]

[[package]]
name = "h11"
version = "0.16.0"
source = { registry = "https://pypi.org/simple" }
sdist = { url = "https://files.pythonhosted.org/packages/01/ee/02a2c011bdab74c6fb3c75474d40b3052059d95df7e73351460c8588d963/h11-0.16.0.tar.gz", hash = "sha256:4e35b956cf45792e4caa5885e69fba00bdbc6ffafbfa020300e549b208ee5ff1", size = 101250, upload-time = "2025-04-24T03:35:25.427Z" }
wheels = [
    { url = "https://files.pythonhosted.org/packages/04/4b/29cac41a4d98d144bf5f6d33995617b185d14b22401f75ca86f384e87ff1/h11-0.16.0-py3-none-any.whl", hash = "sha256:63cf8bbe7522de3bf65932fda1d9c2772064ffb3dae62d55932da54b31cb6c86", size = 37515, upload-time = "2025-04-24T03:35:24.344Z" },
]

[[package]]
name = "h2"
version = "4.4.0"
source = { registry = "https://pypi.org/simple" }
dependencies = [
    { name = "hpack" },
    { name = "hyperframe" },
]
sdist = { url = "https://files.pythonhosted.org/packages/30/d4/a7d6fb3f58be99d65cbf2d3f766896217a2921d0f3ab10711c45dc1519ee/h2-4.4.0.tar.gz", hash = "sha256:46b551bdcdc7e83cf5c04d0bf93badb8a939bd2287d9fee1abb23a445b9e0580", size = 2156691, upload-time = "2026-07-23T19:14:19.442Z" }
wheels = [
    { url = "https://files.pythonhosted.org/packages/f6/df/5b14a118322d6097cb9bb30ec6bacad268e546a8ecfcb1f6d0de618dac2f/h2-4.4.0-py3-none-any.whl", hash = "sha256:6acffe1aeab79098d7eb0f8385c1add11f2c7a94815f6fa2b7060eeddee3d87c", size = 62368, upload-time = "2026-07-23T19:14:16.143Z" },
]

[[package]]
name = "hpack"
version = "4.2.0"
source = { registry = "https://pypi.org/simple" }
sdist = { url = "https://files.pythonhosted.org/packages/26/5b/fcabf6028144a8723726318b07a32c2f3314acdff6265743cf08a344b18e/hpack-4.2.0.tar.gz", hash = "sha256:0895cfa3b5531fc65fe439c05eb65144f123bf7a394fcaa56aa423548d8e45c0", size = 51300, upload-time = "2026-06-23T18:34:46.667Z" }
wheels = [
    { url = "https://files.pythonhosted.org/packages/71/b4/4a9fcfb2aef6ba44d9073ecd301443aa00b3dac95de5619f2a7de7ec8a91/hpack-4.2.0-py3-none-any.whl", hash = "sha256:858ac0b02280fa582b5080d68db0899c62a80375e0e5413a74970c5e518b6986", size = 34246, upload-time = "2026-06-23T18:34:45.472Z" },
]

[[package]]
name = "httpcore"
version = "1.0.9"
source = { registry = "https://pypi.org/simple" }
dependencies = [
    { name = "certifi" },
    { name = "h11" },
]
sdist = { url = "https://files.pythonhosted.org/packages/06/94/82699a10bca87a5556c9c59b5963f2d039dbd239f25bc2a63907a05a14cb/httpcore-1.0.9.tar.gz", hash = "sha256:6e34463af53fd2ab5d807f399a9b45ea31c3dfa2276f15a2c3f00afff6e176e8", size = 85484, upload-time = "2025-04-24T22:06:22.219Z" }
wheels = [
    { url = "https://files.pythonhosted.org/packages/7e/f5/f66802a942d491edb555dd61e3a9961140fd64c90bce1eafd741609d334d/httpcore-1.0.9-py3-none-any.whl", hash = "sha256:2d400746a40668fc9dec9810239072b40b4484b640a8c38fd654a024c7a1bf55", size = 78784, upload-time = "2025-04-24T22:06:20.566Z" },
]

[[package]]
name = "httpx"
version = "0.28.1"
source = { registry = "https://pypi.org/simple" }
dependencies = [
    { name = "anyio" },
    { name = "certifi" },
    { name = "httpcore" },
    { name = "idna" },
]
sdist = { url = "https://files.pythonhosted.org/packages/b1/df/48c586a5fe32a0f01324ee087459e112ebb7224f646c0b5023f5e79e9956/httpx-0.28.1.tar.gz", hash = "sha256:75e98c5f16b0f35b567856f597f06ff2270a374470a5c2392242528e3e3e42fc", size = 141406, upload-time = "2024-12-06T15:37:23.222Z" }
wheels = [
    { url = "https://files.pythonhosted.org/packages/2a/39/e50c7c3a983047577ee07d2a9e53faf5a69493943ec3f6a384bdc792deb2/httpx-0.28.1-py3-none-any.whl", hash = "sha256:d909fcccc110f8c7faf814ca82a9a4d816bc5a6dbfea25d6591d6985b8ba59ad", size = 73517, upload-time = "2024-12-06T15:37:21.509Z" },
]

[[package]]
name = "hyperframe"
version = "6.1.0"
source = { registry = "https://pypi.org/simple" }
sdist = { url = "https://files.pythonhosted.org/packages/02/e7/94f8232d4a74cc99514c13a9f995811485a6903d48e5d952771ef6322e30/hyperframe-6.1.0.tar.gz", hash = "sha256:f630908a00854a7adeabd6382b43923a4c4cd4b821fcb527e6ab9e15382a3b08", size = 26566, upload-time = "2025-01-22T21:41:49.302Z" }
wheels = [
    { url = "https://files.pythonhosted.org/packages/48/30/47d0bf6072f7252e6521f3447ccfa40b421b6824517f82854703d0f5a98b/hyperframe-6.1.0-py3-none-any.whl", hash = "sha256:b03380493a519fce58ea5af42e4a42317bf9bd425596f7a0835ffce80f1a42e5", size = 13007, upload-time = "2025-01-22T21:41:47.295Z" },
]

[[package]]
name = "idna"
version = "3.18"
source = { registry = "https://pypi.org/simple" }
sdist = { url = "https://files.pythonhosted.org/packages/cd/63/9496c57188a2ee585e0f1db071d75089a11e98aa86eb99d9d7618fc1edce/idna-3.18.tar.gz", hash = "sha256:ffb385a7e039654cef1ab9ef32c6fafe283c0c0467bba1d9029738ce4a14a848", size = 196711, upload-time = "2026-06-02T14:34:07.794Z" }
wheels = [
    { url = "https://files.pythonhosted.org/packages/1e/5e/d4e9f1a599fb8e573b7b87160658329fbf28d19eac2718f51fc3def3aa5a/idna-3.18-py3-none-any.whl", hash = "sha256:7f952cbe720b688055e3f87de14f5c3e5fdaa8bc3928985c4077ca689de849a2", size = 65455, upload-time = "2026-06-02T14:34:06.319Z" },
]

[[package]]
name = "markdown-it-py"
version = "4.2.0"
source = { registry = "https://pypi.org/simple" }
dependencies = [
    { name = "mdurl" },
]
sdist = { url = "https://files.pythonhosted.org/packages/06/ff/7841249c247aa650a76b9ee4bbaeae59370dc8bfd2f6c01f3630c35eb134/markdown_it_py-4.2.0.tar.gz", hash = "sha256:04a21681d6fbb623de53f6f364d352309d4094dd4194040a10fd51833e418d49", size = 82454, upload-time = "2026-05-07T12:08:28.36Z" }
wheels = [
    { url = "https://files.pythonhosted.org/packages/b3/81/4da04ced5a082363ecfa159c010d200ecbd959ae410c10c0264a38cac0f5/markdown_it_py-4.2.0-py3-none-any.whl", hash = "sha256:9f7ebbcd14fe59494226453aed97c1070d83f8d24b6fc3a3bcf9a38092641c4a", size = 91687, upload-time = "2026-05-07T12:08:27.182Z" },
]

[[package]]
name = "mdurl"
version = "0.1.2"
source = { registry = "https://pypi.org/simple" }
sdist = { url = "https://files.pythonhosted.org/packages/d6/54/cfe61301667036ec958cb99bd3efefba235e65cdeb9c84d24a8293ba1d90/mdurl-0.1.2.tar.gz", hash = "sha256:bb413d29f5eea38f31dd4754dd7377d4465116fb207585f97bf925588687c1ba", size = 8729, upload-time = "2022-08-14T12:40:10.846Z" }
wheels = [
    { url = "https://files.pythonhosted.org/packages/b3/38/89ba8ad64ae25be8de66a6d463314cf1eb366222074cfda9ee839c56a4b4/mdurl-0.1.2-py3-none-any.whl", hash = "sha256:84008a41e51615a49fc9966191ff91509e3c40b939176e643fd50a5c2196b8f8", size = 9979, upload-time = "2022-08-14T12:40:09.779Z" },
]

[[package]]
name = "opentelemetry-api"
version = "1.44.0"
source = { registry = "https://pypi.org/simple" }
dependencies = [
    { name = "typing-extensions" },
]
sdist = { url = "https://files.pythonhosted.org/packages/ee/8b/aa9e2d8b8dfa7c946f7dec5d1f8f6ba8eca062f43509a06bdb5ce93d26c0/opentelemetry_api-1.44.0.tar.gz", hash = "sha256:67647e5e9566edcf421166fdf022b3537f818635daa852b289e34604dc6fb33a", size = 72406, upload-time = "2026-07-16T15:25:32.678Z" }
wheels = [
    { url = "https://files.pythonhosted.org/packages/ca/6f/a04e900f465ff3221ccc395522503e2d10e79fa21f2723c8e177aae1e0d1/opentelemetry_api-1.44.0-py3-none-any.whl", hash = "sha256:94b98c893a91b88657eaac1e3ba89618cdb85be6918196705354f34728b2cdef", size = 60018, upload-time = "2026-07-16T15:25:11.657Z" },
]

[[package]]
name = "packaging"
version = "26.2"
source = { registry = "https://pypi.org/simple" }
sdist = { url = "https://files.pythonhosted.org/packages/d7/f1/e7a6dd94a8d4a5626c03e4e99c87f241ba9e350cd9e6d75123f992427270/packaging-26.2.tar.gz", hash = "sha256:ff452ff5a3e828ce110190feff1178bb1f2ea2281fa2075aadb987c2fb221661", size = 228134, upload-time = "2026-04-24T20:15:23.917Z" }
wheels = [
    { url = "https://files.pythonhosted.org/packages/df/b2/87e62e8c3e2f4b32e5fe99e0b86d576da1312593b39f47d8ceef365e95ed/packaging-26.2-py3-none-any.whl", hash = "sha256:5fc45236b9446107ff2415ce77c807cee2862cb6fac22b8a73826d0693b0980e", size = 100195, upload-time = "2026-04-24T20:15:22.081Z" },
]

[[package]]
name = "protobuf-py"
version = "0.1.1"
source = { registry = "https://pypi.org/simple" }
dependencies = [
    { name = "protobuf-py-ext", marker = "(platform_machine == 'arm64' and platform_python_implementation == 'CPython' and sys_platform == 'darwin') or (platform_machine == 'aarch64' and platform_python_implementation == 'CPython' and sys_platform == 'linux') or (platform_machine == 'x86_64' and platform_python_implementation == 'CPython' and sys_platform == 'linux') or (platform_machine == 'AMD64' and platform_python_implementation == 'CPython' and sys_platform == 'win32') or (platform_machine == 'ARM64' and platform_python_implementation == 'CPython' and sys_platform == 'win32')" },
]
sdist = { url = "https://files.pythonhosted.org/packages/72/ed/02fd902d9c51b7ff53dfc9a745eb11490722edfd30073af889e171f07b8e/protobuf_py-0.1.1.tar.gz", hash = "sha256:6bd08ac4d8f1661965bbe2685429d79043704cdd1ee720a7a89617331742240b", size = 133525, upload-time = "2026-06-24T19:02:15.271Z" }
wheels = [
    { url = "https://files.pythonhosted.org/packages/fd/00/1b3775aca1c70e3007e06ef5996f6bb9b3a32341eb0cce3ffb6effad8dec/protobuf_py-0.1.1-py3-none-any.whl", hash = "sha256:efc4f50f275ed6dae10a1f30bb81ad1a75368557b3ff22a532b7a472050368f1", size = 181656, upload-time = "2026-06-24T19:01:29.556Z" },
]

[[package]]
name = "protobuf-py-ext"
version = "0.1.1"
source = { registry = "https://pypi.org/simple" }
sdist = { url = "https://files.pythonhosted.org/packages/2f/05/6dc9ccff1e8159eb9a144e6d3c4acfd2211cd4fcd20c34fe9155d17d6a7f/protobuf_py_ext-0.1.1.tar.gz", hash = "sha256:e85bfdfdb3ed50634db8ccc7429dd9286520109489c735463971a418707b4fef", size = 31912, upload-time = "2026-06-24T19:02:16.321Z" }
wheels = [
    { url = "https://files.pythonhosted.org/packages/19/70/2b5d62a60a2e0d88ecde1ae98db3132bcd2672fb39c8d581b82b34ac0bd8/protobuf_py_ext-0.1.1-cp310-abi3-macosx_11_0_arm64.whl", hash = "sha256:310039e03cb15181781a0b78017419f6d4ee302e988c3c70b87f1facdf05532d", size = 306008, upload-time = "2026-06-24T19:01:31.399Z" },
    { url = "https://files.pythonhosted.org/packages/2d/d6/73c06bb4cac2e04c0adc154965fe8b6520224bd737fd7e73bba405056321/protobuf_py_ext-0.1.1-cp310-abi3-manylinux_2_17_aarch64.manylinux2014_aarch64.whl", hash = "sha256:89ec8348d1ba045f79b2fedd14e40cca36f2a41b52f2c4fdf55a60c58add2353", size = 314769, upload-time = "2026-06-24T19:01:32.89Z" },
    { url = "https://files.pythonhosted.org/packages/18/c5/e4e6bc6096b66d1c82639a1b501147f16ee65d32567304b987d002e2c666/protobuf_py_ext-0.1.1-cp310-abi3-manylinux_2_17_x86_64.manylinux2014_x86_64.whl", hash = "sha256:182798e4861aba72d05855bd06febe4926aa7265e6f444a1b8af5252beee4f7e", size = 328122, upload-time = "2026-06-24T19:01:34.394Z" },
    { url = "https://files.pythonhosted.org/packages/b0/4b/1d792a40d0f0a0f914f1dfa8bb5e9573ca0ecd5fe5cecf80d77193212abd/protobuf_py_ext-0.1.1-cp310-abi3-musllinux_1_2_aarch64.whl", hash = "sha256:9eb25c3a329c0551cc86b209a5e5d8ecb8d834b9924a3aa019377853a703b6d3", size = 492338, upload-time = "2026-06-24T19:01:36.103Z" },
    { url = "https://files.pythonhosted.org/packages/52/51/5ad329223c905e5c530cae38ae24cde3584d8ab7e09457f2a01afce80e60/protobuf_py_ext-0.1.1-cp310-abi3-musllinux_1_2_x86_64.whl", hash = "sha256:aaecbde82bef10c7c40578cbb61b7a19896bf7fa450972050a3bb302acb7d5d6", size = 541578, upload-time = "2026-06-24T19:01:37.481Z" },
    { url = "https://files.pythonhosted.org/packages/ed/c7/01bd8a8bfe2df4b07aafac12ccfb7b7ebe2303f65296a9e02fcafa28ff3e/protobuf_py_ext-0.1.1-cp310-abi3-win_amd64.whl", hash = "sha256:6b0c615c48e95acc53cf33e9310eeaff8b30d2d7555bf93e7bca8fb4f40e9a5c", size = 251319, upload-time = "2026-06-24T19:01:38.946Z" },
    { url = "https://files.pythonhosted.org/packages/24/dc/914065538b5db54b6a920b5af38c1ef142252ea1eea711820435fa259fac/protobuf_py_ext-0.1.1-cp310-abi3-win_arm64.whl", hash = "sha256:72956cd0af5dee24b41c6f5ba5e42622d17e6d555002b5efc1634e27a1446de2", size = 241635, upload-time = "2026-06-24T19:01:40.301Z" },
    { url = "https://files.pythonhosted.org/packages/a4/6c/09841f3dbe7c3d4b3f2779f8f2832ac23fb96ac8ab71674e91af732cf9ff/protobuf_py_ext-0.1.1-cp313-cp313-macosx_11_0_arm64.whl", hash = "sha256:ba61d49dace8f874361583030a7c48139b42eb37c9ffbb1e7e8a227a51576f44", size = 305017, upload-time = "2026-06-24T19:01:49.84Z" },
    { url = "https://files.pythonhosted.org/packages/52/43/e450b5e202f6715274acc9acd9f9769908cbdeab861a53c798fcbd467d35/protobuf_py_ext-0.1.1-cp313-cp313-manylinux_2_17_aarch64.manylinux2014_aarch64.whl", hash = "sha256:9a9c2f026096ca4c595c89a297067ef371e241d3ff8e1f6d7c779aa8419cdca7", size = 316215, upload-time = "2026-06-24T19:01:51.249Z" },
    { url = "https://files.pythonhosted.org/packages/97/5c/23e79b35f1b5755b9bdc0c0c9b8cd8abababaef1a1639608d8a96bb61a9d/protobuf_py_ext-0.1.1-cp313-cp313-manylinux_2_17_x86_64.manylinux2014_x86_64.whl", hash = "sha256:cf78707a040b9294e5e1ec4a1875f0046acfe52e92150cea27de4e9fc9db39bb", size = 326419, upload-time = "2026-06-24T19:01:52.93Z" },
    { url = "https://files.pythonhosted.org/packages/e8/de/5493de0ec12920a3b1dd72608ce0c1e8cdb7e0eb9e87accaecc5216df29e/protobuf_py_ext-0.1.1-cp313-cp313-musllinux_1_2_aarch64.whl", hash = "sha256:ae4373845cbb85bdade3ef5368cc2f4b5f80bf173383afc1ab063f95644e5599", size = 493734, upload-time = "2026-06-24T19:01:54.301Z" },
    { url = "https://files.pythonhosted.org/packages/98/89/31da55b414e6332aad11d858e9a86bd36fbb324f52fa3fc6d8f1c57840a9/protobuf_py_ext-0.1.1-cp313-cp313-musllinux_1_2_x86_64.whl", hash = "sha256:2a4cc478eef7a2acc1daaebcde479a3ac2396d47e6bdc7e776ca4c4147ba8b4c", size = 539703, upload-time = "2026-06-24T19:01:55.707Z" },
    { url = "https://files.pythonhosted.org/packages/1c/71/39f231838ef06476d46ac40dd814894277a732a3688c0a0c994850b3b62f/protobuf_py_ext-0.1.1-cp314-cp314-macosx_11_0_arm64.whl", hash = "sha256:359dccdc1c3eafed2a913c570bb082b8df848a1d27d548ce8385f246a7d68be2", size = 302145, upload-time = "2026-06-24T19:01:57.116Z" },
    { url = "https://files.pythonhosted.org/packages/87/f1/01c81ff5f420600366a0e6a613ce2af20834534d2b3d7523f4f3b4ddb54f/protobuf_py_ext-0.1.1-cp314-cp314-manylinux_2_17_aarch64.manylinux2014_aarch64.whl", hash = "sha256:91c38b4a10a306366443273ee03ca554537a0965bf05b7ada8e7dbdee04cc93e", size = 314541, upload-time = "2026-06-24T19:01:58.745Z" },
    { url = "https://files.pythonhosted.org/packages/86/d8/1cbf5a0298ceddc0cdbb28bf1ecaf8bd3cff54ed4ced6a1392d5226172fc/protobuf_py_ext-0.1.1-cp314-cp314-manylinux_2_17_x86_64.manylinux2014_x86_64.whl", hash = "sha256:79eee3bcbb289d6ea114eb8fe3a1469c5b59bf53e207238469f567d9c53ba56f", size = 325092, upload-time = "2026-06-24T19:02:00.382Z" },
    { url = "https://files.pythonhosted.org/packages/af/23/8b1694616044cbfec2d18d4c6fffb03e05089c8bdb5970c6bafd60cc7fd5/protobuf_py_ext-0.1.1-cp314-cp314-musllinux_1_2_aarch64.whl", hash = "sha256:10992141a8282a71ac3e3530d1a489efb27618d84000b9a47918cf70e5816d9b", size = 491684, upload-time = "2026-06-24T19:02:01.862Z" },
    { url = "https://files.pythonhosted.org/packages/49/d8/99997a7a6cf6989c944d9183c5deb6a045c27460add0316c7b34763891b3/protobuf_py_ext-0.1.1-cp314-cp314-musllinux_1_2_x86_64.whl", hash = "sha256:4411ffe0e06a774b83c5c71c546ce097640a25f596c45f95f53d3e3148e3f22d", size = 538048, upload-time = "2026-06-24T19:02:03.362Z" },
    { url = "https://files.pythonhosted.org/packages/15/3c/9e99ecbb68e1d5b46016d821eb1cbba9a91e6b50e71e75faf0c1e6189f0d/protobuf_py_ext-0.1.1-cp314-cp314t-macosx_11_0_arm64.whl", hash = "sha256:55a17d80ea419501ff221a6627523f38a431bb33e6aa3de81ae3a7f271c49c75", size = 296337, upload-time = "2026-06-24T19:02:04.787Z" },
    { url = "https://files.pythonhosted.org/packages/af/f2/305338a28225fb54b28d6c3f5948109b9088b329a2b6f77ca610c2bdcd34/protobuf_py_ext-0.1.1-cp314-cp314t-manylinux_2_17_aarch64.manylinux2014_aarch64.whl", hash = "sha256:9dbb518b5638403ceaa08ac4fc7dac626f45ed9b856b3517de3906cf3de4d632", size = 308961, upload-time = "2026-06-24T19:02:06.185Z" },
    { url = "https://files.pythonhosted.org/packages/60/f9/416103c93677ff2ea407704ea64fa6de9e700dc030c48360a182d91ce373/protobuf_py_ext-0.1.1-cp314-cp314t-manylinux_2_17_x86_64.manylinux2014_x86_64.whl", hash = "sha256:8a4adc65ab6a5e4885c67fc808bcacb83d755d05b566d312a0e10c2a873f2ad4", size = 321895, upload-time = "2026-06-24T19:02:07.714Z" },
    { url = "https://files.pythonhosted.org/packages/5a/83/eb3e81bb2f83834b7deff4cee2d56eeb1adcbc847492a56b7f910ab257db/protobuf_py_ext-0.1.1-cp314-cp314t-musllinux_1_2_aarch64.whl", hash = "sha256:e97f45c49676efacfb8e95bfcb1a002bc337e618a6780be1e55df2ba5ebd2f1e", size = 486091, upload-time = "2026-06-24T19:02:09.243Z" },
    { url = "https://files.pythonhosted.org/packages/99/96/bd88fca38556b3105e4dd41d6a176e31dcc583fe979e830aeedd2f8c20ee/protobuf_py_ext-0.1.1-cp314-cp314t-musllinux_1_2_x86_64.whl", hash = "sha256:53a6b3590f6aa7f97b8ed60f62fef9b096babfeae82f7283fd3a4c405827d4f8", size = 534582, upload-time = "2026-06-24T19:02:11.227Z" },
]

[[package]]
name = "pygments"
version = "2.20.0"
source = { registry = "https://pypi.org/simple" }
sdist = { url = "https://files.pythonhosted.org/packages/c3/b2/bc9c9196916376152d655522fdcebac55e66de6603a76a02bca1b6414f6c/pygments-2.20.0.tar.gz", hash = "sha256:6757cd03768053ff99f3039c1a36d6c0aa0b263438fcab17520b30a303a82b5f", size = 4955991, upload-time = "2026-03-29T13:29:33.898Z" }
wheels = [
    { url = "https://files.pythonhosted.org/packages/f4/7e/a72dd26f3b0f4f2bf1dd8923c85f7ceb43172af56d63c7383eb62b332364/pygments-2.20.0-py3-none-any.whl", hash = "sha256:81a9e26dd42fd28a23a2d169d86d7ac03b46e2f8b59ed4698fb4785f946d0176", size = 1231151, upload-time = "2026-03-29T13:29:30.038Z" },
]

[[package]]
name = "pyqwest"
version = "0.7.0"
source = { registry = "https://pypi.org/simple" }
dependencies = [
    { name = "opentelemetry-api" },
]
sdist = { url = "https://files.pythonhosted.org/packages/01/05/8576f0eeb44d3fe14c70e2bafa77ae6930c5e6f42b93c568719ea4456715/pyqwest-0.7.0.tar.gz", hash = "sha256:ac65f2243f3e814e7f4aad3f2fcfe78f89aad2de2a825eaaabf4c102f1937843", size = 457991, upload-time = "2026-07-19T05:20:06.61Z" }
wheels = [
    { url = "https://files.pythonhosted.org/packages/86/49/7f26a2c2a3e8bbab4862bcbf4f54b706d9524fa9705cc0127553b81ed161/pyqwest-0.7.0-cp310-abi3-macosx_10_12_x86_64.whl", hash = "sha256:7b2339f3b55ae179e0cb55bbd5792ae1c954d31f80de7b4dde0e95b03576b6be", size = 5159904, upload-time = "2026-07-19T05:18:57.757Z" },
    { url = "https://files.pythonhosted.org/packages/20/f1/4aba1976566936ca873e1a726a0d9bdf8195a0dc4e4f78122f6050328566/pyqwest-0.7.0-cp310-abi3-macosx_11_0_arm64.whl", hash = "sha256:2159c7e2eaf2563cdadfda17314e2b1747c30603979bf73db8daef311247db82", size = 5044476, upload-time = "2026-07-19T05:18:59.473Z" },
    { url = "https://files.pythonhosted.org/packages/fe/06/45908e5cda7fa28ba60df5ed2091056893c394c3217a796bc6577c4bd294/pyqwest-0.7.0-cp310-abi3-manylinux_2_17_aarch64.manylinux2014_aarch64.whl", hash = "sha256:0a826f1b492a7497f469c8467bd51faf582733654bb2bc9fcdd4fa502f3e6ca1", size = 5560021, upload-time = "2026-07-19T05:19:01.097Z" },
    { url = "https://files.pythonhosted.org/packages/f2/3d/603f5c9446e8c13a4970b816246d7928e895408a7ed1778d98de3e25ea43/pyqwest-0.7.0-cp310-abi3-manylinux_2_17_x86_64.manylinux2014_x86_64.whl", hash = "sha256:da43c7e86bee9e74ff474d4829cd398fb9220ff0d84d633094ea6797fdfe03a1", size = 5506130, upload-time = "2026-07-19T05:19:02.812Z" },
    { url = "https://files.pythonhosted.org/packages/33/6d/2984aa02f4d0296dddb5df159e1af6c6e0ddc0b507d592f13d6ccd0b3162/pyqwest-0.7.0-cp310-abi3-musllinux_1_2_aarch64.whl", hash = "sha256:d1c71327c323a19dc90a0dafb1d68fb13f4f775a2498a26bf95f17165e64da9f", size = 5719961, upload-time = "2026-07-19T05:19:04.213Z" },
    { url = "https://files.pythonhosted.org/packages/19/06/e30c0d31eea17cabf99ef90c7c02e14cc94ca7d59793d397de9359148693/pyqwest-0.7.0-cp310-abi3-musllinux_1_2_x86_64.whl", hash = "sha256:c002e0fc31a96f1c47986299710f49ed4551e4a912a7cdb69aba6fd94db6d544", size = 5908279, upload-time = "2026-07-19T05:19:05.595Z" },
    { url = "https://files.pythonhosted.org/packages/eb/db/a1368faae1cbd094a0d179b76de69b8d1908bd45898d3bcd29ac98622072/pyqwest-0.7.0-cp310-abi3-win_amd64.whl", hash = "sha256:847e4468b5379a219b91a13dd3c92dd3b7b3d9f59af23e4c6776e663594cb241", size = 4755104, upload-time = "2026-07-19T05:19:07.772Z" },
    { url = "https://files.pythonhosted.org/packages/c1/9c/64c8df83a152804ac3074fb879c1229c3aca55a12dc33dc73c72e93405e6/pyqwest-0.7.0-cp313-cp313-macosx_10_12_x86_64.whl", hash = "sha256:72d001892ed570df1dcc489ef8b0a03bc7abd4fbdca10625c358a87e66b226ad", size = 5171308, upload-time = "2026-07-19T05:19:20.332Z" },
    { url = "https://files.pythonhosted.org/packages/14/d1/46e629541a3f7231dd978fa9939e6ddcd075238880395bcfb16544769165/pyqwest-0.7.0-cp313-cp313-macosx_11_0_arm64.whl", hash = "sha256:03da0797bac5c2eb1a40f02afccd4b5aad5ad0d375bb993df2f5e0c692fc0c6c", size = 5032449, upload-time = "2026-07-19T05:19:21.967Z" },
    { url = "https://files.pythonhosted.org/packages/44/3c/132194c747696e41ad5745c51587bd20057d800b6a64fb901ce2ac990149/pyqwest-0.7.0-cp313-cp313-manylinux_2_17_aarch64.manylinux2014_aarch64.whl", hash = "sha256:837e18aef4490eed25b4194d49f16732ccf1abf2cdd0845e75d75d2a4428b98c", size = 5556847, upload-time = "2026-07-19T05:19:23.589Z" },
    { url = "https://files.pythonhosted.org/packages/e6/5d/6726a70e89c60bf3cd30d5d918eff68dc1d1ceb9c911331d7fb57977bfc3/pyqwest-0.7.0-cp313-cp313-manylinux_2_17_x86_64.manylinux2014_x86_64.whl", hash = "sha256:418e8c3a67ca6226bfb6147b8668203c74d9c872657117086f4c264a674d7980", size = 5500333, upload-time = "2026-07-19T05:19:25.317Z" },
    { url = "https://files.pythonhosted.org/packages/49/3f/329df64d3e8778bc311a22e432280cd317619c3f9b7e414f375127bb90b0/pyqwest-0.7.0-cp313-cp313-musllinux_1_2_aarch64.whl", hash = "sha256:31176abbbcbe6d03740967b5c0241deaa60b328792644cb2e317a34d6b076433", size = 5717248, upload-time = "2026-07-19T05:19:26.963Z" },
    { url = "https://files.pythonhosted.org/packages/2e/93/6670afb97c6ce7b5ba27981e023d9edc7413e509bbe18afebb729834d9e6/pyqwest-0.7.0-cp313-cp313-musllinux_1_2_x86_64.whl", hash = "sha256:e21102f9c13234a0066d42bb5429dc5c311d7fd99401878837d9675a7f6e03b9", size = 5902814, upload-time = "2026-07-19T05:19:28.637Z" },
    { url = "https://files.pythonhosted.org/packages/51/d3/bf9440a03c97f408743313215d8c7e9875b0b2b0d2ef97f5fbb5066cd57d/pyqwest-0.7.0-cp313-cp313-win_amd64.whl", hash = "sha256:ca19e96b5e902a6d35e18cee7f5e90612fca6ab169378d42242cdcb638578cee", size = 4750510, upload-time = "2026-07-19T05:19:30.587Z" },
    { url = "https://files.pythonhosted.org/packages/dc/25/8b0919bf504309982857e564e3035ffd799d7aaa23457eb351485573e5ee/pyqwest-0.7.0-cp314-cp314-macosx_10_12_x86_64.whl", hash = "sha256:4e4e79187c3e4ebd07d663d8dc7a7cba865c72020332e41807426a7e3526fda0", size = 5177972, upload-time = "2026-07-19T05:19:32.051Z" },
    { url = "https://files.pythonhosted.org/packages/52/12/d652213fe336c52b75fb4df710f5cff08f8a1dcc9e385c9120f18476f5c9/pyqwest-0.7.0-cp314-cp314-macosx_11_0_arm64.whl", hash = "sha256:1bc2c569481ade1bc0b89b07daf1b49b20a1337a53207ffe0ef325260f509404", size = 5032608, upload-time = "2026-07-19T05:19:33.772Z" },
    { url = "https://files.pythonhosted.org/packages/82/b0/406c91563140b87ade5c5935410997b26449b8eb2f91511bc52741ae38fb/pyqwest-0.7.0-cp314-cp314-manylinux_2_17_aarch64.manylinux2014_aarch64.whl", hash = "sha256:5ef1bfbdca9ec9c8a7b223268f5ef8d45694da7226929454b0cb40f2e3d1ddd5", size = 5558937, upload-time = "2026-07-19T05:19:35.174Z" },
    { url = "https://files.pythonhosted.org/packages/7f/17/a0a09936b5dd5d9d7517289aee3683bbf6554b0853bce5280ead9da27336/pyqwest-0.7.0-cp314-cp314-manylinux_2_17_x86_64.manylinux2014_x86_64.whl", hash = "sha256:e4c2f6a6830becfa1c5bb94aa169ad854da5749a95a440aee759932d5965c213", size = 5500603, upload-time = "2026-07-19T05:19:37.023Z" },
    { url = "https://files.pythonhosted.org/packages/00/34/ccec52ca9f14fbe11292fadbe89c771353e0f46d58aa88d8e93d6e018117/pyqwest-0.7.0-cp314-cp314-musllinux_1_2_aarch64.whl", hash = "sha256:0d11128ccc382f64fcdf92d3bce6be7191489c1b3a9a3f0dbdf89e55451638de", size = 5719784, upload-time = "2026-07-19T05:19:38.649Z" },
    { url = "https://files.pythonhosted.org/packages/16/cc/58dca466c236e497cbb2e75b97a2489225d21f5063d932ab7d1723294112/pyqwest-0.7.0-cp314-cp314-musllinux_1_2_x86_64.whl", hash = "sha256:5832373c7bcccfbc3bb79c44b592e0871631139a2ef5aef771b8fe2b7bd4301d", size = 5901396, upload-time = "2026-07-19T05:19:40.402Z" },
    { url = "https://files.pythonhosted.org/packages/06/a0/983ea3b859828bef8372896e9c407f62bf426b84526d0b0cf9fd9abce411/pyqwest-0.7.0-cp314-cp314-win_amd64.whl", hash = "sha256:7330070c4497e564007985716ac347cb9a7500eba5c9610500653a2ce4cfe86e", size = 4751036, upload-time = "2026-07-19T05:19:42.159Z" },
    { url = "https://files.pythonhosted.org/packages/92/1d/e2fe3dfe6d87989017412f394abc45435a3af2526e998c83cf836937b23c/pyqwest-0.7.0-cp314-cp314t-macosx_10_12_x86_64.whl", hash = "sha256:02fd606a35be7803a770071f642a375e55df4c2025e49b10b859430f424c4492", size = 5165801, upload-time = "2026-07-19T05:19:43.82Z" },
    { url = "https://files.pythonhosted.org/packages/f4/fe/90126ac71fe09c729f36c166cb71b5148dd8a80e47f6f232bf71494604a2/pyqwest-0.7.0-cp314-cp314t-macosx_11_0_arm64.whl", hash = "sha256:a807835c6a0777f0cc57c321c78c7bf162f6354698844d78db6e03ba9edd83dc", size = 5025128, upload-time = "2026-07-19T05:19:45.391Z" },
    { url = "https://files.pythonhosted.org/packages/e5/15/ee84ce834705d613c0b113fb4cf9d274011cfcc6c6ededb52d92a38a2367/pyqwest-0.7.0-cp314-cp314t-manylinux_2_17_aarch64.manylinux2014_aarch64.whl", hash = "sha256:86d84871cb0a572700dece3a6c45c294721f655f3d0b85477333209b487ecef1", size = 5551017, upload-time = "2026-07-19T05:19:47.046Z" },
    { url = "https://files.pythonhosted.org/packages/41/ad/18b4540fb276f9b540018efe024aca0801acfe4209417d4faed85bccdb04/pyqwest-0.7.0-cp314-cp314t-manylinux_2_17_x86_64.manylinux2014_x86_64.whl", hash = "sha256:005ddd2a777d30ca7ce4de12df1336760e14d46394ab56299a9e81626d78b991", size = 5493032, upload-time = "2026-07-19T05:19:49.038Z" },
    { url = "https://files.pythonhosted.org/packages/6c/91/f25477eb80c375378a876cf2bac80c55ec9ea36b94bd7d4b2b2931860c85/pyqwest-0.7.0-cp314-cp314t-musllinux_1_2_aarch64.whl", hash = "sha256:ca02089249c292ab9c148fa86c06927701897090226a13e392a6ec53312380ea", size = 5712503, upload-time = "2026-07-19T05:19:50.542Z" },
    { url = "https://files.pythonhosted.org/packages/f4/63/c5be988c55c69c87de950e3dabab322f82a78dc7c2ebdf89af32626bd473/pyqwest-0.7.0-cp314-cp314t-musllinux_1_2_x86_64.whl", hash = "sha256:da3bc117c1380e9577994da15b8236f7c3bb400111d6be4b57a9b2e4f30c9a79", size = 5893782, upload-time = "2026-07-19T05:19:52.286Z" },
    { url = "https://files.pythonhosted.org/packages/82/a7/96144e6db9a49eb5e42734562ac5d387c2b78fe1142674d3a284ce188ef7/pyqwest-0.7.0-cp314-cp314t-win_amd64.whl", hash = "sha256:a599ddac7ded32ed62d15ca90bc9c77652ba34b225cf17a404821cec92a189fa", size = 4744187, upload-time = "2026-07-19T05:19:53.921Z" },
]

[[package]]
name = "python-dateutil"
version = "2.9.0.post0"
source = { registry = "https://pypi.org/simple" }
dependencies = [
    { name = "six" },
]
sdist = { url = "https://files.pythonhosted.org/packages/66/c0/0c8b6ad9f17a802ee498c46e004a0eb49bc148f2fd230864601a86dcf6db/python-dateutil-2.9.0.post0.tar.gz", hash = "sha256:37dd54208da7e1cd875388217d5e00ebd4179249f90fb72437e91a35459a0ad3", size = 342432, upload-time = "2024-03-01T18:36:20.211Z" }
wheels = [
    { url = "https://files.pythonhosted.org/packages/ec/57/56b9bcc3c9c6a792fcbaf139543cee77261f3651ca9da0c93f5c1221264b/python_dateutil-2.9.0.post0-py2.py3-none-any.whl", hash = "sha256:a8b2bc7bffae282281c8140a97d3aa9c14da0b136dfe83f850eea9a5f7470427", size = 229892, upload-time = "2024-03-01T18:36:18.57Z" },
]

[[package]]
name = "python-dotenv"
version = "1.2.2"
source = { registry = "https://pypi.org/simple" }
sdist = { url = "https://files.pythonhosted.org/packages/82/ed/0301aeeac3e5353ef3d94b6ec08bbcabd04a72018415dcb29e588514bba8/python_dotenv-1.2.2.tar.gz", hash = "sha256:2c371a91fbd7ba082c2c1dc1f8bf89ca22564a087c2c287cd9b662adde799cf3", size = 50135, upload-time = "2026-03-01T16:00:26.196Z" }
wheels = [
    { url = "https://files.pythonhosted.org/packages/0b/d7/1959b9648791274998a9c3526f6d0ec8fd2233e4d4acce81bbae76b44b2a/python_dotenv-1.2.2-py3-none-any.whl", hash = "sha256:1d8214789a24de455a8b8bd8ae6fe3c6b69a5e3d64aa8a8e5d68e694bbcb285a", size = 22101, upload-time = "2026-03-01T16:00:25.09Z" },
]

[[package]]
name = "rich"
version = "15.0.0"
source = { registry = "https://pypi.org/simple" }
dependencies = [
    { name = "markdown-it-py" },
    { name = "pygments" },
]
sdist = { url = "https://files.pythonhosted.org/packages/c0/8f/0722ca900cc807c13a6a0c696dacf35430f72e0ec571c4275d2371fca3e9/rich-15.0.0.tar.gz", hash = "sha256:edd07a4824c6b40189fb7ac9bc4c52536e9780fbbfbddf6f1e2502c31b068c36", size = 230680, upload-time = "2026-04-12T08:24:00.75Z" }
wheels = [
    { url = "https://files.pythonhosted.org/packages/82/3b/64d4899d73f91ba49a8c18a8ff3f0ea8f1c1d75481760df8c68ef5235bf5/rich-15.0.0-py3-none-any.whl", hash = "sha256:33bd4ef74232fb73fe9279a257718407f169c09b78a87ad3d296f548e27de0bb", size = 310654, upload-time = "2026-04-12T08:24:02.83Z" },
]

[[package]]
name = "six"
version = "1.17.0"
source = { registry = "https://pypi.org/simple" }
sdist = { url = "https://files.pythonhosted.org/packages/94/e7/b2c673351809dca68a0e064b6af791aa332cf192da575fd474ed7d6f16a2/six-1.17.0.tar.gz", hash = "sha256:ff70335d468e7eb6ec65b95b99d3a2836546063f63acc5171de367e834932a81", size = 34031, upload-time = "2024-12-04T17:35:28.174Z" }
wheels = [
    { url = "https://files.pythonhosted.org/packages/b7/ce/149a00dd41f10bc29e5921b496af8b574d8413afcd5e30dfa0ed46c2cc5e/six-1.17.0-py2.py3-none-any.whl", hash = "sha256:4721f391ed90541fddacab5acf947aa0d3dc7d27b2e1e8eda2be8970586c3274", size = 11050, upload-time = "2024-12-04T17:35:26.475Z" },
]

[[package]]
name = "typing-extensions"
version = "4.16.0"
source = { registry = "https://pypi.org/simple" }
sdist = { url = "https://files.pythonhosted.org/packages/f6/cc/6253133b5bb138fc3306cebfbda2c520f545d36b5be2c7255cc528bb45d6/typing_extensions-4.16.0.tar.gz", hash = "sha256:dc983d19a509c94dba722ee6abd33940f7c05a89e243c47e907eb4db6f1a43e5", size = 113555, upload-time = "2026-07-02T08:40:05.92Z" }
wheels = [
    { url = "https://files.pythonhosted.org/packages/49/d3/b8441a820a491ddfc024b0b0cf0393375b75ea13866d9c66727e54c2fc80/typing_extensions-4.16.0-py3-none-any.whl", hash = "sha256:481caa481374e813c1b176ada14e97f1f67a4539ce9cfeb3f350d78d6370c2e8", size = 45571, upload-time = "2026-07-02T08:40:04.659Z" },
]

[[package]]
name = "wcmatch"
version = "10.2.1"
source = { registry = "https://pypi.org/simple" }
dependencies = [
    { name = "bracex" },
]
sdist = { url = "https://files.pythonhosted.org/packages/11/15/dc61746d8c0852f6d711ad09c774b63cf7c8211aa49e30871ac3d342b7e2/wcmatch-10.2.1.tar.gz", hash = "sha256:ecac70a5c70e62ba854b78318d3a1408e8651f8f1c96e5837743b71aa6a4fb92", size = 132497, upload-time = "2026-07-02T17:21:48.484Z" }
wheels = [
    { url = "https://files.pythonhosted.org/packages/82/ba/20b48eedeab5316bf9a502bb9eb7e3b1588bd61d0f565822fefa8f06e10b/wcmatch-10.2.1-py3-none-any.whl", hash = "sha256:2d775395b93f233af66690f62cb9d52b084ec159a31cc4084f4069d72f437acd", size = 39763, upload-time = "2026-07-02T17:21:47.134Z" },
]
